
Microsoft Visual Studio Solution File, Format Version 12.00
# Visual Studio 15
VisualStudioVersion = 15.0.27004.2009
MinimumVisualStudioVersion = 10.0.40219.1
Project("{FAE04EC0-301F-11D3-BF4B-00C04F79EFBC}") = "MockDataFramework", "MockDataFramework\MockDataFramework.csproj", "{5995C2EF-770B-4FE4-A068-B2B0E3DBE4F0}"
EndProject
Global
	GlobalSection(SolutionConfigurationPlatforms) = preSolution
		Debug|Any CPU = Debug|Any CPU
		Release|Any CPU = Release|Any CPU
	EndGlobalSection
	GlobalSection(ProjectConfigurationPlatforms) = postSolution
		{5995C2EF-770B-4FE4-A068-B2B0E3DBE4F0}.Debug|Any CPU.ActiveCfg = Debug|Any CPU
		{5995C2EF-770B-4FE4-A068-B2B0E3DBE4F0}.Debug|Any CPU.Build.0 = Debug|Any CPU
		{5995C2EF-770B-4FE4-A068-B2B0E3DBE4F0}.Release|Any CPU.ActiveCfg = Release|Any CPU
		{5995C2EF-770B-4FE4-A068-B2B0E3DBE4F0}.Release|Any CPU.Build.0 = Release|Any CPU
	EndGlobalSection
	GlobalSection(SolutionProperties) = preSolution
		HideSolutionNode = FALSE
	EndGlobalSection
	GlobalSection(ExtensibilityGlobals) = postSolution
		SolutionGuid = {EE0FACFF-C3A0-416F-9CC3-DDF655B294B6}
	EndGlobalSection
EndGlobal
